
Microsoft Visual Studio Solution File, Format Version 10.00
# Visual Studio 2008
Project("{FAE04EC0-301F-11D3-BF4B-00C04F79EFBC}") = "MP-TVSeries", "MP-TVSeries\MP-TVSeries.csproj", "{A983AA7A-DE3C-4587-9416-22373A35B721}"
	ProjectSection(ProjectDependencies) = postProject
		{77C78161-3206-45FD-A419-60218F3354C0} = {77C78161-3206-45FD-A419-60218F3354C0}
	EndProjectSection
EndProject
Project("{FAE04EC0-301F-11D3-BF4B-00C04F79EFBC}") = "Cornerstone.MP", "Cornerstone.MP\Cornerstone.MP.csproj", "{77C78161-3206-45FD-A419-60218F3354C0}"
EndProject
Global
	GlobalSection(SolutionConfigurationPlatforms) = preSolution
		Debug|Any CPU = Debug|Any CPU
		Release|Any CPU = Release|Any CPU
	EndGlobalSection
	GlobalSection(ProjectConfigurationPlatforms) = postSolution
		{A983AA7A-DE3C-4587-9416-22373A35B721}.Debug|Any CPU.ActiveCfg = Debug|Any CPU
		{A983AA7A-DE3C-4587-9416-22373A35B721}.Debug|Any CPU.Build.0 = Debug|Any CPU
		{A983AA7A-DE3C-4587-9416-22373A35B721}.Release|Any CPU.ActiveCfg = ReleaseInclDownloaders|Any CPU
		{A983AA7A-DE3C-4587-9416-22373A35B721}.Release|Any CPU.Build.0 = ReleaseInclDownloaders|Any CPU
		{77C78161-3206-45FD-A419-60218F3354C0}.Debug|Any CPU.ActiveCfg = Debug|x86
		{77C78161-3206-45FD-A419-60218F3354C0}.Release|Any CPU.ActiveCfg = Release|x86
	EndGlobalSection
	GlobalSection(SolutionProperties) = preSolution
		HideSolutionNode = FALSE
	EndGlobalSection
EndGlobal
