
Microsoft Visual Studio Solution File, Format Version 11.00
# Visual Studio 2010
Project("{FAE04EC0-301F-11D3-BF4B-00C04F79EFBC}") = "MP-TVSeries", "MP-TVSeries\MP-TVSeries.csproj", "{A983AA7A-DE3C-4587-9416-22373A35B721}"
EndProject
Project("{2150E333-8FDC-42A3-9474-1A3956D46DE8}") = "External", "External", "{85B48327-8153-4BD1-AE36-EDC0337F7F8A}"
EndProject
Project("{FAE04EC0-301F-11D3-BF4B-00C04F79EFBC}") = "FollwitApi", "External\FollwitApi\FollwitApi.csproj", "{75EBA361-8137-4107-A5B5-753CE959983B}"
EndProject
Global
	GlobalSection(SolutionConfigurationPlatforms) = preSolution
		Debug|Any CPU = Debug|Any CPU
		Debug|Mixed Platforms = Debug|Mixed Platforms
		Debug|x86 = Debug|x86
		Release|Any CPU = Release|Any CPU
		Release|Mixed Platforms = Release|Mixed Platforms
		Release|x86 = Release|x86
	EndGlobalSection
	GlobalSection(ProjectConfigurationPlatforms) = postSolution
		{A983AA7A-DE3C-4587-9416-22373A35B721}.Debug|Any CPU.ActiveCfg = Debug|Any CPU
		{A983AA7A-DE3C-4587-9416-22373A35B721}.Debug|Any CPU.Build.0 = Debug|Any CPU
		{A983AA7A-DE3C-4587-9416-22373A35B721}.Debug|Mixed Platforms.ActiveCfg = Debug|x86
		{A983AA7A-DE3C-4587-9416-22373A35B721}.Debug|Mixed Platforms.Build.0 = Debug|x86
		{A983AA7A-DE3C-4587-9416-22373A35B721}.Debug|x86.ActiveCfg = Debug|x86
		{A983AA7A-DE3C-4587-9416-22373A35B721}.Debug|x86.Build.0 = Debug|x86
		{A983AA7A-DE3C-4587-9416-22373A35B721}.Release|Any CPU.ActiveCfg = Release|Any CPU
		{A983AA7A-DE3C-4587-9416-22373A35B721}.Release|Any CPU.Build.0 = Release|Any CPU
		{A983AA7A-DE3C-4587-9416-22373A35B721}.Release|Mixed Platforms.ActiveCfg = Release|x86
		{A983AA7A-DE3C-4587-9416-22373A35B721}.Release|Mixed Platforms.Build.0 = Release|x86
		{A983AA7A-DE3C-4587-9416-22373A35B721}.Release|x86.ActiveCfg = Release|x86
		{A983AA7A-DE3C-4587-9416-22373A35B721}.Release|x86.Build.0 = Release|x86
		{75EBA361-8137-4107-A5B5-753CE959983B}.Debug|Any CPU.ActiveCfg = Debug|Any CPU
		{75EBA361-8137-4107-A5B5-753CE959983B}.Debug|Any CPU.Build.0 = Debug|Any CPU
		{75EBA361-8137-4107-A5B5-753CE959983B}.Debug|Mixed Platforms.ActiveCfg = Debug|Any CPU
		{75EBA361-8137-4107-A5B5-753CE959983B}.Debug|Mixed Platforms.Build.0 = Debug|Any CPU
		{75EBA361-8137-4107-A5B5-753CE959983B}.Debug|x86.ActiveCfg = Debug|Any CPU
		{75EBA361-8137-4107-A5B5-753CE959983B}.Release|Any CPU.ActiveCfg = Release|Any CPU
		{75EBA361-8137-4107-A5B5-753CE959983B}.Release|Any CPU.Build.0 = Release|Any CPU
		{75EBA361-8137-4107-A5B5-753CE959983B}.Release|Mixed Platforms.ActiveCfg = Release|Any CPU
		{75EBA361-8137-4107-A5B5-753CE959983B}.Release|Mixed Platforms.Build.0 = Release|Any CPU
		{75EBA361-8137-4107-A5B5-753CE959983B}.Release|x86.ActiveCfg = Release|Any CPU
	EndGlobalSection
	GlobalSection(SolutionProperties) = preSolution
		HideSolutionNode = FALSE
	EndGlobalSection
	GlobalSection(NestedProjects) = preSolution
		{75EBA361-8137-4107-A5B5-753CE959983B} = {85B48327-8153-4BD1-AE36-EDC0337F7F8A}
	EndGlobalSection
EndGlobal
