
Microsoft Visual Studio Solution File, Format Version 9.00
# Visual Studio 2005
Project("{FAE04EC0-301F-11D3-BF4B-00C04F79EFBC}") = "MP-TVSeries", "MP-TVSeries\MP-TVSeries.csproj", "{A983AA7A-DE3C-4587-9416-22373A35B721}"
EndProject
Project("{FAE04EC0-301F-11D3-BF4B-00C04F79EFBC}") = "Test-MP-TVSeries", "Test-MP-TVSeries\Test-MP-TVSeries.csproj", "{B2ECBD02-DD25-48C0-AEE8-792F1F071B3C}"
EndProject
Global
	GlobalSection(SolutionConfigurationPlatforms) = preSolution
		Debug|Any CPU = Debug|Any CPU
		Release|Any CPU = Release|Any CPU
	EndGlobalSection
	GlobalSection(ProjectConfigurationPlatforms) = postSolution
		{A983AA7A-DE3C-4587-9416-22373A35B721}.Debug|Any CPU.ActiveCfg = Debug|Any CPU
		{A983AA7A-DE3C-4587-9416-22373A35B721}.Debug|Any CPU.Build.0 = Debug|Any CPU
		{A983AA7A-DE3C-4587-9416-22373A35B721}.Release|Any CPU.ActiveCfg = Release|Any CPU
		{A983AA7A-DE3C-4587-9416-22373A35B721}.Release|Any CPU.Build.0 = Release|Any CPU
		{B2ECBD02-DD25-48C0-AEE8-792F1F071B3C}.Debug|Any CPU.ActiveCfg = Debug|Any CPU
		{B2ECBD02-DD25-48C0-AEE8-792F1F071B3C}.Debug|Any CPU.Build.0 = Debug|Any CPU
		{B2ECBD02-DD25-48C0-AEE8-792F1F071B3C}.Release|Any CPU.ActiveCfg = Release|Any CPU
		{B2ECBD02-DD25-48C0-AEE8-792F1F071B3C}.Release|Any CPU.Build.0 = Release|Any CPU
	EndGlobalSection
	GlobalSection(SolutionProperties) = preSolution
		HideSolutionNode = FALSE
	EndGlobalSection
EndGlobal
